// !$*UTF8*$!
{
	archiveVersion = 1;
	classes = {
	};
	objectVersion = 46;
	objects = {

/* Begin PBXBuildFile section */
		03DE09AF37F16C5A189826A4 /* Pods_Instagram.framework in Frameworks */ = {isa = PBXBuildFile; fileRef = 85F9DAD77259BD25482BF5FD /* Pods_Instagram.framework */; };
		2EA0EA381F0309E200017DD7 /* AppDelegate.swift in Sources */ = {isa = PBXBuildFile; fileRef = 2EA0EA371F0309E200017DD7 /* AppDelegate.swift */; };
		2EA0EA3A1F0309E200017DD7 /* ViewController.swift in Sources */ = {isa = PBXBuildFile; fileRef = 2EA0EA391F0309E200017DD7 /* ViewController.swift */; };
		2EA0EA3D1F0309E200017DD7 /* Main.storyboard in Resources */ = {isa = PBXBuildFile; fileRef = 2EA0EA3B1F0309E200017DD7 /* Main.storyboard */; };
		2EA0EA3F1F0309E200017DD7 /* Assets.xcassets in Resources */ = {isa = PBXBuildFile; fileRef = 2EA0EA3E1F0309E200017DD7 /* Assets.xcassets */; };
		2EA0EA421F0309E200017DD7 /* LaunchScreen.storyboard in Resources */ = {isa = PBXBuildFile; fileRef = 2EA0EA401F0309E200017DD7 /* LaunchScreen.storyboard */; };
		2EA0EA4D1F0309E200017DD7 /* InstagramTests.swift in Sources */ = {isa = PBXBuildFile; fileRef = 2EA0EA4C1F0309E200017DD7 /* InstagramTests.swift */; };
		2EA0EA581F0309E200017DD7 /* InstagramUITests.swift in Sources */ = {isa = PBXBuildFile; fileRef = 2EA0EA571F0309E200017DD7 /* InstagramUITests.swift */; };
		2EA0EA661F0313B100017DD7 /* LoginViewController.swift in Sources */ = {isa = PBXBuildFile; fileRef = 2EA0EA651F0313B100017DD7 /* LoginViewController.swift */; };
		2EA0EA681F03246000017DD7 /* HomeViewController.swift in Sources */ = {isa = PBXBuildFile; fileRef = 2EA0EA671F03246000017DD7 /* HomeViewController.swift */; };
		2EA0EA6A1F03290700017DD7 /* Post.swift in Sources */ = {isa = PBXBuildFile; fileRef = 2EA0EA691F03290700017DD7 /* Post.swift */; };
		2EA0EA6C1F03357800017DD7 /* ProfileViewController.swift in Sources */ = {isa = PBXBuildFile; fileRef = 2EA0EA6B1F03357800017DD7 /* ProfileViewController.swift */; };
		6CB4D39233213BD452226848 /* Pods_InstagramTests.framework in Frameworks */ = {isa = PBXBuildFile; fileRef = 45B4408A87FB30335ACF10F3 /* Pods_InstagramTests.framework */; };
		87CE893098BAA83E7E83673C /* Pods_InstagramUITests.framework in Frameworks */ = {isa = PBXBuildFile; fileRef = 07A9CEBB5BFE63E486BA6C62 /* Pods_InstagramUITests.framework */; };
/* End PBXBuildFile section */

/* Begin PBXContainerItemProxy section */
		2EA0EA491F0309E200017DD7 /* PBXContainerItemProxy */ = {
			isa = PBXContainerItemProxy;
			containerPortal = 2EA0EA2C1F0309E200017DD7 /* Project object */;
			proxyType = 1;
			remoteGlobalIDString = 2EA0EA331F0309E200017DD7;
			remoteInfo = Instagram;
		};
		2EA0EA541F0309E200017DD7 /* PBXContainerItemProxy */ = {
			isa = PBXContainerItemProxy;
			containerPortal = 2EA0EA2C1F0309E200017DD7 /* Project object */;
			proxyType = 1;
			remoteGlobalIDString = 2EA0EA331F0309E200017DD7;
			remoteInfo = Instagram;
		};
/* End PBXContainerItemProxy section */

/* Begin PBXFileReference section */
		07A9CEBB5BFE63E486BA6C62 /* Pods_InstagramUITests.framework */ = {isa = PBXFileReference; explicitFileType = wrapper.framework; includeInIndex = 0; path = Pods_InstagramUITests.framework; sourceTree = BUILT_PRODUCTS_DIR; };
		20AB3B9E39DF5B41D7FF5656 /* Pods-InstagramUITests.release.xcconfig */ = {isa = PBXFileReference; includeInIndex = 1; lastKnownFileType = text.xcconfig; name = "Pods-InstagramUITests.release.xcconfig"; path = "Pods/Target Support Files/Pods-InstagramUITests/Pods-InstagramUITests.release.xcconfig"; sourceTree = "<group>"; };
		2EA0EA341F0309E200017DD7 /* Instagram.app */ = {isa = PBXFileReference; explicitFileType = wrapper.application; includeInIndex = 0; path = Instagram.app; sourceTree = BUILT_PRODUCTS_DIR; };
		2EA0EA371F0309E200017DD7 /* AppDelegate.swift */ = {isa = PBXFileReference; lastKnownFileType = sourcecode.swift; path = AppDelegate.swift; sourceTree = "<group>"; };
		2EA0EA391F0309E200017DD7 /* ViewController.swift */ = {isa = PBXFileReference; lastKnownFileType = sourcecode.swift; path = ViewController.swift; sourceTree = "<group>"; };
		2EA0EA3C1F0309E200017DD7 /* Base */ = {isa = PBXFileReference; lastKnownFileType = file.storyboard; name = Base; path = Base.lproj/Main.storyboard; sourceTree = "<group>"; };
		2EA0EA3E1F0309E200017DD7 /* Assets.xcassets */ = {isa = PBXFileReference; lastKnownFileType = folder.assetcatalog; path = Assets.xcassets; sourceTree = "<group>"; };
		2EA0EA411F0309E200017DD7 /* Base */ = {isa = PBXFileReference; lastKnownFileType = file.storyboard; name = Base; path = Base.lproj/LaunchScreen.storyboard; sourceTree = "<group>"; };
		2EA0EA431F0309E200017DD7 /* Info.plist */ = {isa = PBXFileReference; lastKnownFileType = text.plist.xml; path = Info.plist; sourceTree = "<group>"; };
		2EA0EA481F0309E200017DD7 /* InstagramTests.xctest */ = {isa = PBXFileReference; explicitFileType = wrapper.cfbundle; includeInIndex = 0; path = InstagramTests.xctest; sourceTree = BUILT_PRODUCTS_DIR; };
		2EA0EA4C1F0309E200017DD7 /* InstagramTests.swift */ = {isa = PBXFileReference; lastKnownFileType = sourcecode.swift; path = InstagramTests.swift; sourceTree = "<group>"; };
		2EA0EA4E1F0309E200017DD7 /* Info.plist */ = {isa = PBXFileReference; lastKnownFileType = text.plist.xml; path = Info.plist; sourceTree = "<group>"; };
		2EA0EA531F0309E200017DD7 /* InstagramUITests.xctest */ = {isa = PBXFileReference; explicitFileType = wrapper.cfbundle; includeInIndex = 0; path = InstagramUITests.xctest; sourceTree = BUILT_PRODUCTS_DIR; };
		2EA0EA571F0309E200017DD7 /* InstagramUITests.swift */ = {isa = PBXFileReference; lastKnownFileType = sourcecode.swift; path = InstagramUITests.swift; sourceTree = "<group>"; };
		2EA0EA591F0309E200017DD7 /* Info.plist */ = {isa = PBXFileReference; lastKnownFileType = text.plist.xml; path = Info.plist; sourceTree = "<group>"; };
		2EA0EA651F0313B100017DD7 /* LoginViewController.swift */ = {isa = PBXFileReference; fileEncoding = 4; lastKnownFileType = sourcecode.swift; path = LoginViewController.swift; sourceTree = "<group>"; };
		2EA0EA671F03246000017DD7 /* HomeViewController.swift */ = {isa = PBXFileReference; fileEncoding = 4; lastKnownFileType = sourcecode.swift; path = HomeViewController.swift; sourceTree = "<group>"; };
		2EA0EA691F03290700017DD7 /* Post.swift */ = {isa = PBXFileReference; fileEncoding = 4; lastKnownFileType = sourcecode.swift; path = Post.swift; sourceTree = "<group>"; };
		2EA0EA6B1F03357800017DD7 /* ProfileViewController.swift */ = {isa = PBXFileReference; fileEncoding = 4; lastKnownFileType = sourcecode.swift; path = ProfileViewController.swift; sourceTree = "<group>"; };
		3C2D92C6A08C69323AA236BE /* Pods-InstagramTests.debug.xcconfig */ = {isa = PBXFileReference; includeInIndex = 1; lastKnownFileType = text.xcconfig; name = "Pods-InstagramTests.debug.xcconfig"; path = "Pods/Target Support Files/Pods-InstagramTests/Pods-InstagramTests.debug.xcconfig"; sourceTree = "<group>"; };
		406F72848B990965656CC1E0 /* Pods-InstagramUITests.debug.xcconfig */ = {isa = PBXFileReference; includeInIndex = 1; lastKnownFileType = text.xcconfig; name = "Pods-InstagramUITests.debug.xcconfig"; path = "Pods/Target Support Files/Pods-InstagramUITests/Pods-InstagramUITests.debug.xcconfig"; sourceTree = "<group>"; };
		45B4408A87FB30335ACF10F3 /* Pods_InstagramTests.framework */ = {isa = PBXFileReference; explicitFileType = wrapper.framework; includeInIndex = 0; path = Pods_InstagramTests.framework; sourceTree = BUILT_PRODUCTS_DIR; };
		85F9DAD77259BD25482BF5FD /* Pods_Instagram.framework */ = {isa = PBXFileReference; explicitFileType = wrapper.framework; includeInIndex = 0; path = Pods_Instagram.framework; sourceTree = BUILT_PRODUCTS_DIR; };
		996097292B077FBD5195320C /* Pods-InstagramTests.release.xcconfig */ = {isa = PBXFileReference; includeInIndex = 1; lastKnownFileType = text.xcconfig; name = "Pods-InstagramTests.release.xcconfig"; path = "Pods/Target Support Files/Pods-InstagramTests/Pods-InstagramTests.release.xcconfig"; sourceTree = "<group>"; };
		A719AF67DCCB65EDB2DA7D15 /* Pods-Instagram.release.xcconfig */ = {isa = PBXFileReference; includeInIndex = 1; lastKnownFileType = text.xcconfig; name = "Pods-Instagram.release.xcconfig"; path = "Pods/Target Support Files/Pods-Instagram/Pods-Instagram.release.xcconfig"; sourceTree = "<group>"; };
		FAF0FBBF323AE78D53CAAB08 /* Pods-Instagram.debug.xcconfig */ = {isa = PBXFileReference; includeInIndex = 1; lastKnownFileType = text.xcconfig; name = "Pods-Instagram.debug.xcconfig"; path = "Pods/Target Support Files/Pods-Instagram/Pods-Instagram.debug.xcconfig"; sourceTree = "<group>"; };
/* End PBXFileReference section */

/* Begin PBXFrameworksBuildPhase section */
		2EA0EA311F0309E200017DD7 /* Frameworks */ = {
			isa = PBXFrameworksBuildPhase;
			buildActionMask = 2147483647;
			files = (
				03DE09AF37F16C5A189826A4 /* Pods_Instagram.framework in Frameworks */,
			);
			runOnlyForDeploymentPostprocessing = 0;
		};
		2EA0EA451F0309E200017DD7 /* Frameworks */ = {
			isa = PBXFrameworksBuildPhase;
			buildActionMask = 2147483647;
			files = (
				6CB4D39233213BD452226848 /* Pods_InstagramTests.framework in Frameworks */,
			);
			runOnlyForDeploymentPostprocessing = 0;
		};
		2EA0EA501F0309E200017DD7 /* Frameworks */ = {
			isa = PBXFrameworksBuildPhase;
			buildActionMask = 2147483647;
			files = (
				87CE893098BAA83E7E83673C /* Pods_InstagramUITests.framework in Frameworks */,
			);
			runOnlyForDeploymentPostprocessing = 0;
		};
/* End PBXFrameworksBuildPhase section */

/* Begin PBXGroup section */
		2EA0EA2B1F0309E200017DD7 = {
			isa = PBXGroup;
			children = (
				2EA0EA361F0309E200017DD7 /* Instagram */,
				2EA0EA4B1F0309E200017DD7 /* InstagramTests */,
				2EA0EA561F0309E200017DD7 /* InstagramUITests */,
				2EA0EA351F0309E200017DD7 /* Products */,
				5EE694287C70F12DCB5B168E /* Pods */,
				66387ED8C616DCF142DFB772 /* Frameworks */,
			);
			sourceTree = "<group>";
		};
		2EA0EA351F0309E200017DD7 /* Products */ = {
			isa = PBXGroup;
			children = (
				2EA0EA341F0309E200017DD7 /* Instagram.app */,
				2EA0EA481F0309E200017DD7 /* InstagramTests.xctest */,
				2EA0EA531F0309E200017DD7 /* InstagramUITests.xctest */,
			);
			name = Products;
			sourceTree = "<group>";
		};
		2EA0EA361F0309E200017DD7 /* Instagram */ = {
			isa = PBXGroup;
			children = (
				2EA0EA371F0309E200017DD7 /* AppDelegate.swift */,
				2EA0EA691F03290700017DD7 /* Post.swift */,
				2EA0EA391F0309E200017DD7 /* ViewController.swift */,
				2EA0EA3B1F0309E200017DD7 /* Main.storyboard */,
				2EA0EA6B1F03357800017DD7 /* ProfileViewController.swift */,
				2EA0EA3E1F0309E200017DD7 /* Assets.xcassets */,
				2EA0EA401F0309E200017DD7 /* LaunchScreen.storyboard */,
				2EA0EA431F0309E200017DD7 /* Info.plist */,
				2EA0EA651F0313B100017DD7 /* LoginViewController.swift */,
				2EA0EA671F03246000017DD7 /* HomeViewController.swift */,
			);
			path = Instagram;
			sourceTree = "<group>";
		};
		2EA0EA4B1F0309E200017DD7 /* InstagramTests */ = {
			isa = PBXGroup;
			children = (
				2EA0EA4C1F0309E200017DD7 /* InstagramTests.swift */,
				2EA0EA4E1F0309E200017DD7 /* Info.plist */,
			);
			path = InstagramTests;
			sourceTree = "<group>";
		};
		2EA0EA561F0309E200017DD7 /* InstagramUITests */ = {
			isa = PBXGroup;
			children = (
				2EA0EA571F0309E200017DD7 /* InstagramUITests.swift */,
				2EA0EA591F0309E200017DD7 /* Info.plist */,
			);
			path = InstagramUITests;
			sourceTree = "<group>";
		};
		5EE694287C70F12DCB5B168E /* Pods */ = {
			isa = PBXGroup;
			children = (
				FAF0FBBF323AE78D53CAAB08 /* Pods-Instagram.debug.xcconfig */,
				A719AF67DCCB65EDB2DA7D15 /* Pods-Instagram.release.xcconfig */,
				3C2D92C6A08C69323AA236BE /* Pods-InstagramTests.debug.xcconfig */,
				996097292B077FBD5195320C /* Pods-InstagramTests.release.xcconfig */,
				406F72848B990965656CC1E0 /* Pods-InstagramUITests.debug.xcconfig */,
				20AB3B9E39DF5B41D7FF5656 /* Pods-InstagramUITests.release.xcconfig */,
			);
			name = Pods;
			sourceTree = "<group>";
		};
		66387ED8C616DCF142DFB772 /* Frameworks */ = {
			isa = PBXGroup;
			children = (
				85F9DAD77259BD25482BF5FD /* Pods_Instagram.framework */,
				45B4408A87FB30335ACF10F3 /* Pods_InstagramTests.framework */,
				07A9CEBB5BFE63E486BA6C62 /* Pods_InstagramUITests.framework */,
			);
			name = Frameworks;
			sourceTree = "<group>";
		};
/* End PBXGroup section */

/* Begin PBXNativeTarget section */
		2EA0EA331F0309E200017DD7 /* Instagram */ = {
			isa = PBXNativeTarget;
			buildConfigurationList = 2EA0EA5C1F0309E200017DD7 /* Build configuration list for PBXNativeTarget "Instagram" */;
			buildPhases = (
				83F612FC7D0972BD2193A130 /* [CP] Check Pods Manifest.lock */,
				2EA0EA301F0309E200017DD7 /* Sources */,
				2EA0EA311F0309E200017DD7 /* Frameworks */,
				2EA0EA321F0309E200017DD7 /* Resources */,
				EAEC7183B02CE1BAE08CDD06 /* [CP] Embed Pods Frameworks */,
				B72D33BBB1B6EDE6261F816A /* [CP] Copy Pods Resources */,
			);
			buildRules = (
			);
			dependencies = (
			);
			name = Instagram;
			productName = Instagram;
			productReference = 2EA0EA341F0309E200017DD7 /* Instagram.app */;
			productType = "com.apple.product-type.application";
		};
		2EA0EA471F0309E200017DD7 /* InstagramTests */ = {
			isa = PBXNativeTarget;
			buildConfigurationList = 2EA0EA5F1F0309E200017DD7 /* Build configuration list for PBXNativeTarget "InstagramTests" */;
			buildPhases = (
				A4391B588C46A98847478B3F /* [CP] Check Pods Manifest.lock */,
				2EA0EA441F0309E200017DD7 /* Sources */,
				2EA0EA451F0309E200017DD7 /* Frameworks */,
				2EA0EA461F0309E200017DD7 /* Resources */,
				91175C4796D92B903A3F6997 /* [CP] Embed Pods Frameworks */,
				53A4EB8BD5F862F845A0A1EF /* [CP] Copy Pods Resources */,
			);
			buildRules = (
			);
			dependencies = (
				2EA0EA4A1F0309E200017DD7 /* PBXTargetDependency */,
			);
			name = InstagramTests;
			productName = InstagramTests;
			productReference = 2EA0EA481F0309E200017DD7 /* InstagramTests.xctest */;
			productType = "com.apple.product-type.bundle.unit-test";
		};
		2EA0EA521F0309E200017DD7 /* InstagramUITests */ = {
			isa = PBXNativeTarget;
			buildConfigurationList = 2EA0EA621F0309E200017DD7 /* Build configuration list for PBXNativeTarget "InstagramUITests" */;
			buildPhases = (
				15C03AA22F12F646720A9ACE /* [CP] Check Pods Manifest.lock */,
				2EA0EA4F1F0309E200017DD7 /* Sources */,
				2EA0EA501F0309E200017DD7 /* Frameworks */,
				2EA0EA511F0309E200017DD7 /* Resources */,
				F1236874491A71CFD314D532 /* [CP] Embed Pods Frameworks */,
				0D318BC8805F27189AA6247C /* [CP] Copy Pods Resources */,
			);
			buildRules = (
			);
			dependencies = (
				2EA0EA551F0309E200017DD7 /* PBXTargetDependency */,
			);
			name = InstagramUITests;
			productName = InstagramUITests;
			productReference = 2EA0EA531F0309E200017DD7 /* InstagramUITests.xctest */;
			productType = "com.apple.product-type.bundle.ui-testing";
		};
/* End PBXNativeTarget section */

/* Begin PBXProject section */
		2EA0EA2C1F0309E200017DD7 /* Project object */ = {
			isa = PBXProject;
			attributes = {
				LastSwiftUpdateCheck = 0830;
				LastUpgradeCheck = 0830;
				ORGANIZATIONNAME = "Shao Yie Soh";
				TargetAttributes = {
					2EA0EA331F0309E200017DD7 = {
						CreatedOnToolsVersion = 8.3.2;
						ProvisioningStyle = Automatic;
					};
					2EA0EA471F0309E200017DD7 = {
						CreatedOnToolsVersion = 8.3.2;
						ProvisioningStyle = Automatic;
						TestTargetID = 2EA0EA331F0309E200017DD7;
					};
					2EA0EA521F0309E200017DD7 = {
						CreatedOnToolsVersion = 8.3.2;
						ProvisioningStyle = Automatic;
						TestTargetID = 2EA0EA331F0309E200017DD7;
					};
				};
			};
			buildConfigurationList = 2EA0EA2F1F0309E200017DD7 /* Build configuration list for PBXProject "Instagram" */;
			compatibilityVersion = "Xcode 3.2";
			developmentRegion = English;
			hasScannedForEncodings = 0;
			knownRegions = (
				en,
				Base,
			);
			mainGroup = 2EA0EA2B1F0309E200017DD7;
			productRefGroup = 2EA0EA351F0309E200017DD7 /* Products */;
			projectDirPath = "";
			projectRoot = "";
			targets = (
				2EA0EA331F0309E200017DD7 /* Instagram */,
				2EA0EA471F0309E200017DD7 /* InstagramTests */,
				2EA0EA521F0309E200017DD7 /* InstagramUITests */,
			);
		};
/* End PBXProject section */

/* Begin PBXResourcesBuildPhase section */
		2EA0EA321F0309E200017DD7 /* Resources */ = {
			isa = PBXResourcesBuildPhase;
			buildActionMask = 2147483647;
			files = (
				2EA0EA421F0309E200017DD7 /* LaunchScreen.storyboard in Resources */,
				2EA0EA3F1F0309E200017DD7 /* Assets.xcassets in Resources */,
				2EA0EA3D1F0309E200017DD7 /* Main.storyboard in Resources */,
			);
			runOnlyForDeploymentPostprocessing = 0;
		};
		2EA0EA461F0309E200017DD7 /* Resources */ = {
			isa = PBXResourcesBuildPhase;
			buildActionMask = 2147483647;
			files = (
			);
			runOnlyForDeploymentPostprocessing = 0;
		};
		2EA0EA511F0309E200017DD7 /* Resources */ = {
			isa = PBXResourcesBuildPhase;
			buildActionMask = 2147483647;
			files = (
			);
			runOnlyForDeploymentPostprocessing = 0;
		};
/* End PBXResourcesBuildPhase section */

/* Begin PBXShellScriptBuildPhase section */
		0D318BC8805F27189AA6247C /* [CP] Copy Pods Resources */ = {
			isa = PBXShellScriptBuildPhase;
			buildActionMask = 2147483647;
			files = (
			);
			inputPaths = (
			);
			name = "[CP] Copy Pods Resources";
			outputPaths = (
			);
			runOnlyForDeploymentPostprocessing = 0;
			shellPath = /bin/sh;
			shellScript = "\"${SRCROOT}/Pods/Target Support Files/Pods-InstagramUITests/Pods-InstagramUITests-resources.sh\"\n";
			showEnvVarsInLog = 0;
		};
		15C03AA22F12F646720A9ACE /* [CP] Check Pods Manifest.lock */ = {
			isa = PBXShellScriptBuildPhase;
			buildActionMask = 2147483647;
			files = (
			);
			inputPaths = (
			);
			name = "[CP] Check Pods Manifest.lock";
			outputPaths = (
			);
			runOnlyForDeploymentPostprocessing = 0;
			shellPath = /bin/sh;
			shellScript = "diff \"${PODS_PODFILE_DIR_PATH}/Podfile.lock\" \"${PODS_ROOT}/Manifest.lock\" > /dev/null\nif [ $? != 0 ] ; then\n    # print error to STDERR\n    echo \"error: The sandbox is not in sync with the Podfile.lock. Run 'pod install' or update your CocoaPods installation.\" >&2\n    exit 1\nfi\n";
			showEnvVarsInLog = 0;
		};
		53A4EB8BD5F862F845A0A1EF /* [CP] Copy Pods Resources */ = {
			isa = PBXShellScriptBuildPhase;
			buildActionMask = 2147483647;
			files = (
			);
			inputPaths = (
			);
			name = "[CP] Copy Pods Resources";
			outputPaths = (
			);
			runOnlyForDeploymentPostprocessing = 0;
			shellPath = /bin/sh;
			shellScript = "\"${SRCROOT}/Pods/Target Support Files/Pods-InstagramTests/Pods-InstagramTests-resources.sh\"\n";
			showEnvVarsInLog = 0;
		};
		83F612FC7D0972BD2193A130 /* [CP] Check Pods Manifest.lock */ = {
			isa = PBXShellScriptBuildPhase;
			buildActionMask = 2147483647;
			files = (
			);
			inputPaths = (
			);
			name = "[CP] Check Pods Manifest.lock";
			outputPaths = (
			);
			runOnlyForDeploymentPostprocessing = 0;
			shellPath = /bin/sh;
			shellScript = "diff \"${PODS_PODFILE_DIR_PATH}/Podfile.lock\" \"${PODS_ROOT}/Manifest.lock\" > /dev/null\nif [ $? != 0 ] ; then\n    # print error to STDERR\n    echo \"error: The sandbox is not in sync with the Podfile.lock. Run 'pod install' or update your CocoaPods installation.\" >&2\n    exit 1\nfi\n";
			showEnvVarsInLog = 0;
		};
		91175C4796D92B903A3F6997 /* [CP] Embed Pods Frameworks */ = {
			isa = PBXShellScriptBuildPhase;
			buildActionMask = 2147483647;
			files = (
			);
			inputPaths = (
			);
			name = "[CP] Embed Pods Frameworks";
			outputPaths = (
			);
			runOnlyForDeploymentPostprocessing = 0;
			shellPath = /bin/sh;
			shellScript = "\"${SRCROOT}/Pods/Target Support Files/Pods-InstagramTests/Pods-InstagramTests-frameworks.sh\"\n";
			showEnvVarsInLog = 0;
		};
		A4391B588C46A98847478B3F /* [CP] Check Pods Manifest.lock */ = {
			isa = PBXShellScriptBuildPhase;
			buildActionMask = 2147483647;
			files = (
			);
			inputPaths = (
			);
			name = "[CP] Check Pods Manifest.lock";
			outputPaths = (
			);
			runOnlyForDeploymentPostprocessing = 0;
			shellPath = /bin/sh;
			shellScript = "diff \"${PODS_PODFILE_DIR_PATH}/Podfile.lock\" \"${PODS_ROOT}/Manifest.lock\" > /dev/null\nif [ $? != 0 ] ; then\n    # print error to STDERR\n    echo \"error: The sandbox is not in sync with the Podfile.lock. Run 'pod install' or update your CocoaPods installation.\" >&2\n    exit 1\nfi\n";
			showEnvVarsInLog = 0;
		};
		B72D33BBB1B6EDE6261F816A /* [CP] Copy Pods Resources */ = {
			isa = PBXShellScriptBuildPhase;
			buildActionMask = 2147483647;
			files = (
			);
			inputPaths = (
			);
			name = "[CP] Copy Pods Resources";
			outputPaths = (
			);
			runOnlyForDeploymentPostprocessing = 0;
			shellPath = /bin/sh;
			shellScript = "\"${SRCROOT}/Pods/Target Support Files/Pods-Instagram/Pods-Instagram-resources.sh\"\n";
			showEnvVarsInLog = 0;
		};
		EAEC7183B02CE1BAE08CDD06 /* [CP] Embed Pods Frameworks */ = {
			isa = PBXShellScriptBuildPhase;
			buildActionMask = 2147483647;
			files = (
			);
			inputPaths = (
			);
			name = "[CP] Embed Pods Frameworks";
			outputPaths = (
			);
			runOnlyForDeploymentPostprocessing = 0;
			shellPath = /bin/sh;
			shellScript = "\"${SRCROOT}/Pods/Target Support Files/Pods-Instagram/Pods-Instagram-frameworks.sh\"\n";
			showEnvVarsInLog = 0;
		};
		F1236874491A71CFD314D532 /* [CP] Embed Pods Frameworks */ = {
			isa = PBXShellScriptBuildPhase;
			buildActionMask = 2147483647;
			files = (
			);
			inputPaths = (
			);
			name = "[CP] Embed Pods Frameworks";
			outputPaths = (
			);
			runOnlyForDeploymentPostprocessing = 0;
			shellPath = /bin/sh;
			shellScript = "\"${SRCROOT}/Pods/Target Support Files/Pods-InstagramUITests/Pods-InstagramUITests-frameworks.sh\"\n";
			showEnvVarsInLog = 0;
		};
/* End PBXShellScriptBuildPhase section */

/* Begin PBXSourcesBuildPhase section */
		2EA0EA301F0309E200017DD7 /* Sources */ = {
			isa = PBXSourcesBuildPhase;
			buildActionMask = 2147483647;
			files = (
				2EA0EA6C1F03357800017DD7 /* ProfileViewController.swift in Sources */,
				2EA0EA661F0313B100017DD7 /* LoginViewController.swift in Sources */,
				2EA0EA3A1F0309E200017DD7 /* ViewController.swift in Sources */,
				2EA0EA381F0309E200017DD7 /* AppDelegate.swift in Sources */,
				2EA0EA681F03246000017DD7 /* HomeViewController.swift in Sources */,
				2EA0EA6A1F03290700017DD7 /* Post.swift in Sources */,
			);
			runOnlyForDeploymentPostprocessing = 0;
		};
		2EA0EA441F0309E200017DD7 /* Sources */ = {
			isa = PBXSourcesBuildPhase;
			buildActionMask = 2147483647;
			files = (
				2EA0EA4D1F0309E200017DD7 /* InstagramTests.swift in Sources */,
			);
			runOnlyForDeploymentPostprocessing = 0;
		};
		2EA0EA4F1F0309E200017DD7 /* Sources */ = {
			isa = PBXSourcesBuildPhase;
			buildActionMask = 2147483647;
			files = (
				2EA0EA581F0309E200017DD7 /* InstagramUITests.swift in Sources */,
			);
			runOnlyForDeploymentPostprocessing = 0;
		};
/* End PBXSourcesBuildPhase section */

/* Begin PBXTargetDependency section */
		2EA0EA4A1F0309E200017DD7 /* PBXTargetDependency */ = {
			isa = PBXTargetDependency;
			target = 2EA0EA331F0309E200017DD7 /* Instagram */;
			targetProxy = 2EA0EA491F0309E200017DD7 /* PBXContainerItemProxy */;
		};
		2EA0EA551F0309E200017DD7 /* PBXTargetDependency */ = {
			isa = PBXTargetDependency;
			target = 2EA0EA331F0309E200017DD7 /* Instagram */;
			targetProxy = 2EA0EA541F0309E200017DD7 /* PBXContainerItemProxy */;
		};
/* End PBXTargetDependency section */

/* Begin PBXVariantGroup section */
		2EA0EA3B1F0309E200017DD7 /* Main.storyboard */ = {
			isa = PBXVariantGroup;
			children = (
				2EA0EA3C1F0309E200017DD7 /* Base */,
			);
			name = Main.storyboard;
			sourceTree = "<group>";
		};
		2EA0EA401F0309E200017DD7 /* LaunchScreen.storyboard */ = {
			isa = PBXVariantGroup;
			children = (
				2EA0EA411F0309E200017DD7 /* Base */,
			);
			name = LaunchScreen.storyboard;
			sourceTree = "<group>";
		};
/* End PBXVariantGroup section */

/* Begin XCBuildConfiguration section */
		2EA0EA5A1F0309E200017DD7 /* Debug */ = {
			isa = XCBuildConfiguration;
			buildSettings = {
				ALWAYS_SEARCH_USER_PATHS = NO;
				CLANG_ANALYZER_NONNULL = YES;
				CLANG_ANALYZER_NUMBER_OBJECT_CONVERSION = YES_AGGRESSIVE;
				CLANG_CXX_LANGUAGE_STANDARD = "gnu++0x";
				CLANG_CXX_LIBRARY = "libc++";
				CLANG_ENABLE_MODULES = YES;
				CLANG_ENABLE_OBJC_ARC = YES;
				CLANG_WARN_BOOL_CONVERSION = YES;
				CLANG_WARN_CONSTANT_CONVERSION = YES;
				CLANG_WARN_DIRECT_OBJC_ISA_USAGE = YES_ERROR;
				CLANG_WARN_DOCUMENTATION_COMMENTS = YES;
				CLANG_WARN_EMPTY_BODY = YES;
				CLANG_WARN_ENUM_CONVERSION = YES;
				CLANG_WARN_INFINITE_RECURSION = YES;
				CLANG_WARN_INT_CONVERSION = YES;
				CLANG_WARN_OBJC_ROOT_CLASS = YES_ERROR;
				CLANG_WARN_SUSPICIOUS_MOVE = YES;
				CLANG_WARN_UNREACHABLE_CODE = YES;
				CLANG_WARN__DUPLICATE_METHOD_MATCH = YES;
				"CODE_SIGN_IDENTITY[sdk=iphoneos*]" = "iPhone Developer";
				COPY_PHASE_STRIP = NO;
				DEBUG_INFORMATION_FORMAT = dwarf;
				ENABLE_STRICT_OBJC_MSGSEND = YES;
				ENABLE_TESTABILITY = YES;
				GCC_C_LANGUAGE_STANDARD = gnu99;
				GCC_DYNAMIC_NO_PIC = NO;
				GCC_NO_COMMON_BLOCKS = YES;
				GCC_OPTIMIZATION_LEVEL = 0;
				GCC_PREPROCESSOR_DEFINITIONS = (
					"DEBUG=1",
					"$(inherited)",
				);
				GCC_WARN_64_TO_32_BIT_CONVERSION = YES;
				GCC_WARN_ABOUT_RETURN_TYPE = YES_ERROR;
				GCC_WARN_UNDECLARED_SELECTOR = YES;
				GCC_WARN_UNINITIALIZED_AUTOS = YES_AGGRESSIVE;
				GCC_WARN_UNUSED_FUNCTION = YES;
				GCC_WARN_UNUSED_VARIABLE = YES;
				IPHONEOS_DEPLOYMENT_TARGET = 10.3;
				MTL_ENABLE_DEBUG_INFO = YES;
				ONLY_ACTIVE_ARCH = YES;
				SDKROOT = iphoneos;
				SWIFT_ACTIVE_COMPILATION_CONDITIONS = DEBUG;
				SWIFT_OPTIMIZATION_LEVEL = "-Onone";
				TARGETED_DEVICE_FAMILY = "1,2";
			};
			name = Debug;
		};
		2EA0EA5B1F0309E200017DD7 /* Release */ = {
			isa = XCBuildConfiguration;
			buildSettings = {
				ALWAYS_SEARCH_USER_PATHS = NO;
				CLANG_ANALYZER_NONNULL = YES;
				CLANG_ANALYZER_NUMBER_OBJECT_CONVERSION = YES_AGGRESSIVE;
				CLANG_CXX_LANGUAGE_STANDARD = "gnu++0x";
				CLANG_CXX_LIBRARY = "libc++";
				CLANG_ENABLE_MODULES = YES;
				CLANG_ENABLE_OBJC_ARC = YES;
				CLANG_WARN_BOOL_CONVERSION = YES;
				CLANG_WARN_CONSTANT_CONVERSION = YES;
				CLANG_WARN_DIRECT_OBJC_ISA_USAGE = YES_ERROR;
				CLANG_WARN_DOCUMENTATION_COMMENTS = YES;
				CLANG_WARN_EMPTY_BODY = YES;
				CLANG_WARN_ENUM_CONVERSION = YES;
				CLANG_WARN_INFINITE_RECURSION = YES;
				CLANG_WARN_INT_CONVERSION = YES;
				CLANG_WARN_OBJC_ROOT_CLASS = YES_ERROR;
				CLANG_WARN_SUSPICIOUS_MOVE = YES;
				CLANG_WARN_UNREACHABLE_CODE = YES;
				CLANG_WARN__DUPLICATE_METHOD_MATCH = YES;
				"CODE_SIGN_IDENTITY[sdk=iphoneos*]" = "iPhone Developer";
				COPY_PHASE_STRIP = NO;
				DEBUG_INFORMATION_FORMAT = "dwarf-with-dsym";
				ENABLE_NS_ASSERTIONS = NO;
				ENABLE_STRICT_OBJC_MSGSEND = YES;
				GCC_C_LANGUAGE_STANDARD = gnu99;
				GCC_NO_COMMON_BLOCKS = YES;
				GCC_WARN_64_TO_32_BIT_CONVERSION = YES;
				GCC_WARN_ABOUT_RETURN_TYPE = YES_ERROR;
				GCC_WARN_UNDECLARED_SELECTOR = YES;
				GCC_WARN_UNINITIALIZED_AUTOS = YES_AGGRESSIVE;
				GCC_WARN_UNUSED_FUNCTION = YES;
				GCC_WARN_UNUSED_VARIABLE = YES;
				IPHONEOS_DEPLOYMENT_TARGET = 10.3;
				MTL_ENABLE_DEBUG_INFO = NO;
				SDKROOT = iphoneos;
				SWIFT_OPTIMIZATION_LEVEL = "-Owholemodule";
				TARGETED_DEVICE_FAMILY = "1,2";
				VALIDATE_PRODUCT = YES;
			};
			name = Release;
		};
		2EA0EA5D1F0309E200017DD7 /* Debug */ = {
			isa = XCBuildConfiguration;
			baseConfigurationReference = FAF0FBBF323AE78D53CAAB08 /* Pods-Instagram.debug.xcconfig */;
			buildSettings = {
				ASSETCATALOG_COMPILER_APPICON_NAME = AppIcon;
				INFOPLIST_FILE = Instagram/Info.plist;
				LD_RUNPATH_SEARCH_PATHS = "$(inherited) @executable_path/Frameworks";
				PRODUCT_BUNDLE_IDENTIFIER = com.fb.Instagram;
				PRODUCT_NAME = "$(TARGET_NAME)";
				SWIFT_VERSION = 3.0;
			};
			name = Debug;
		};
		2EA0EA5E1F0309E200017DD7 /* Release */ = {
			isa = XCBuildConfiguration;
			baseConfigurationReference = A719AF67DCCB65EDB2DA7D15 /* Pods-Instagram.release.xcconfig */;
			buildSettings = {
				ASSETCATALOG_COMPILER_APPICON_NAME = AppIcon;
				INFOPLIST_FILE = Instagram/Info.plist;
				LD_RUNPATH_SEARCH_PATHS = "$(inherited) @executable_path/Frameworks";
				PRODUCT_BUNDLE_IDENTIFIER = com.fb.Instagram;
				PRODUCT_NAME = "$(TARGET_NAME)";
				SWIFT_VERSION = 3.0;
			};
			name = Release;
		};
		2EA0EA601F0309E200017DD7 /* Debug */ = {
			isa = XCBuildConfiguration;
			baseConfigurationReference = 3C2D92C6A08C69323AA236BE /* Pods-InstagramTests.debug.xcconfig */;
			buildSettings = {
				ALWAYS_EMBED_SWIFT_STANDARD_LIBRARIES = YES;
				BUNDLE_LOADER = "$(TEST_HOST)";
				INFOPLIST_FILE = InstagramTests/Info.plist;
				LD_RUNPATH_SEARCH_PATHS = "$(inherited) @executable_path/Frameworks @loader_path/Frameworks";
				PRODUCT_BUNDLE_IDENTIFIER = com.fb.InstagramTests;
				PRODUCT_NAME = "$(TARGET_NAME)";
				SWIFT_VERSION = 3.0;
				TEST_HOST = "$(BUILT_PRODUCTS_DIR)/Instagram.app/Instagram";
			};
			name = Debug;
		};
		2EA0EA611F0309E200017DD7 /* Release */ = {
			isa = XCBuildConfiguration;
			baseConfigurationReference = 996097292B077FBD5195320C /* Pods-InstagramTests.release.xcconfig */;
			buildSettings = {
				ALWAYS_EMBED_SWIFT_STANDARD_LIBRARIES = YES;
				BUNDLE_LOADER = "$(TEST_HOST)";
				INFOPLIST_FILE = InstagramTests/Info.plist;
				LD_RUNPATH_SEARCH_PATHS = "$(inherited) @executable_path/Frameworks @loader_path/Frameworks";
				PRODUCT_BUNDLE_IDENTIFIER = com.fb.InstagramTests;
				PRODUCT_NAME = "$(TARGET_NAME)";
				SWIFT_VERSION = 3.0;
				TEST_HOST = "$(BUILT_PRODUCTS_DIR)/Instagram.app/Instagram";
			};
			name = Release;
		};
		2EA0EA631F0309E200017DD7 /* Debug */ = {
			isa = XCBuildConfiguration;
			baseConfigurationReference = 406F72848B990965656CC1E0 /* Pods-InstagramUITests.debug.xcconfig */;
			buildSettings = {
				ALWAYS_EMBED_SWIFT_STANDARD_LIBRARIES = YES;
				INFOPLIST_FILE = InstagramUITests/Info.plist;
				LD_RUNPATH_SEARCH_PATHS = "$(inherited) @executable_path/Frameworks @loader_path/Frameworks";
				PRODUCT_BUNDLE_IDENTIFIER = com.fb.InstagramUITests;
				PRODUCT_NAME = "$(TARGET_NAME)";
				SWIFT_VERSION = 3.0;
				TEST_TARGET_NAME = Instagram;
			};
			name = Debug;
		};
		2EA0EA641F0309E200017DD7 /* Release */ = {
			isa = XCBuildConfiguration;
			baseConfigurationReference = 20AB3B9E39DF5B41D7FF5656 /* Pods-InstagramUITests.release.xcconfig */;
			buildSettings = {
				ALWAYS_EMBED_SWIFT_STANDARD_LIBRARIES = YES;
				INFOPLIST_FILE = InstagramUITests/Info.plist;
				LD_RUNPATH_SEARCH_PATHS = "$(inherited) @executable_path/Frameworks @loader_path/Frameworks";
				PRODUCT_BUNDLE_IDENTIFIER = com.fb.InstagramUITests;
				PRODUCT_NAME = "$(TARGET_NAME)";
				SWIFT_VERSION = 3.0;
				TEST_TARGET_NAME = Instagram;
			};
			name = Release;
		};
/* End XCBuildConfiguration section */

/* Begin XCConfigurationList section */
		2EA0EA2F1F0309E200017DD7 /* Build configuration list for PBXProject "Instagram" */ = {
			isa = XCConfigurationList;
			buildConfigurations = (
				2EA0EA5A1F0309E200017DD7 /* Debug */,
				2EA0EA5B1F0309E200017DD7 /* Release */,
			);
			defaultConfigurationIsVisible = 0;
			defaultConfigurationName = Release;
		};
		2EA0EA5C1F0309E200017DD7 /* Build configuration list for PBXNativeTarget "Instagram" */ = {
			isa = XCConfigurationList;
			buildConfigurations = (
				2EA0EA5D1F0309E200017DD7 /* Debug */,
				2EA0EA5E1F0309E200017DD7 /* Release */,
			);
			defaultConfigurationIsVisible = 0;
			defaultConfigurationName = Release;
		};
		2EA0EA5F1F0309E200017DD7 /* Build configuration list for PBXNativeTarget "InstagramTests" */ = {
			isa = XCConfigurationList;
			buildConfigurations = (
				2EA0EA601F0309E200017DD7 /* Debug */,
				2EA0EA611F0309E200017DD7 /* Release */,
			);
			defaultConfigurationIsVisible = 0;
			defaultConfigurationName = Release;
		};
		2EA0EA621F0309E200017DD7 /* Build configuration list for PBXNativeTarget "InstagramUITests" */ = {
			isa = XCConfigurationList;
			buildConfigurations = (
				2EA0EA631F0309E200017DD7 /* Debug */,
				2EA0EA641F0309E200017DD7 /* Release */,
			);
			defaultConfigurationIsVisible = 0;
			defaultConfigurationName = Release;
		};
/* End XCConfigurationList section */
	};
	rootObject = 2EA0EA2C1F0309E200017DD7 /* Project object */;
}
